{
  "name": "miniprojrect",
  "version": "1.0.0",
  "lockfileVersion": 1,
  "requires": true,
  "dependencies": {
    "iny-bus": {
      "version": "1.0.7",
      "resolved": "https://registry.npmjs.org/iny-bus/-/iny-bus-1.0.7.tgz",
      "integrity": "sha512-QrK8NwmrwjSOBrwRBNhJ8iRESrr4wGSvpETOWGWGNKeFxMkGjuPi3UKW/ovBhIY0sgjgNqL7YETJ/LcHb4z09w=="
    }
  }
}
